
Microsoft Visual Studio Solution File, Format Version 12.00
# Visual Studio 14
VisualStudioVersion = 14.0.23107.0
MinimumVisualStudioVersion = 10.0.40219.1
Project("{FAE04EC0-301F-11D3-BF4B-00C04F79EFBC}") = "StalTrans", "WindowsGame2\WindowsGame2\StalTrans.csproj", "{30A3241C-956A-4DCB-8534-6A856DBA9B2A}"
EndProject
Project("{FAE04EC0-301F-11D3-BF4B-00C04F79EFBC}") = "WindowsGame2Content", "WindowsGame2\WindowsGame2Content\WindowsGame2Content.contentproj", "{FF47F70B-A590-4533-97A6-30BFA065EEC4}"
EndProject
Global
	GlobalSection(SolutionConfigurationPlatforms) = preSolution
		Debug|x86 = Debug|x86
		Release|x86 = Release|x86
	EndGlobalSection
	GlobalSection(ProjectConfigurationPlatforms) = postSolution
		{30A3241C-956A-4DCB-8534-6A856DBA9B2A}.Debug|x86.ActiveCfg = Debug|x86
		{30A3241C-956A-4DCB-8534-6A856DBA9B2A}.Debug|x86.Build.0 = Debug|x86
		{30A3241C-956A-4DCB-8534-6A856DBA9B2A}.Release|x86.ActiveCfg = Release|x86
		{30A3241C-956A-4DCB-8534-6A856DBA9B2A}.Release|x86.Build.0 = Release|x86
		{FF47F70B-A590-4533-97A6-30BFA065EEC4}.Debug|x86.ActiveCfg = Debug|x86
		{FF47F70B-A590-4533-97A6-30BFA065EEC4}.Release|x86.ActiveCfg = Release|x86
	EndGlobalSection
	GlobalSection(SolutionProperties) = preSolution
		HideSolutionNode = FALSE
	EndGlobalSection
EndGlobal
